
Microsoft Visual Studio Solution File, Format Version 12.00
# Visual Studio 15
VisualStudioVersion = 15.0.26730.12
MinimumVisualStudioVersion = 10.0.40219.1
Project("{FAE04EC0-301F-11D3-BF4B-00C04F79EFBC}") = "XmlCorrection", "XmlCorrection\XmlCorrection.csproj", "{7D8297A5-5301-42D3-B49A-E2847937951A}"
EndProject
Global
	GlobalSection(SolutionConfigurationPlatforms) = preSolution
		Debug|Any CPU = Debug|Any CPU
		Release|Any CPU = Release|Any CPU
	EndGlobalSection
	GlobalSection(ProjectConfigurationPlatforms) = postSolution
		{7D8297A5-5301-42D3-B49A-E2847937951A}.Debug|Any CPU.ActiveCfg = Debug|Any CPU
		{7D8297A5-5301-42D3-B49A-E2847937951A}.Debug|Any CPU.Build.0 = Debug|Any CPU
		{7D8297A5-5301-42D3-B49A-E2847937951A}.Release|Any CPU.ActiveCfg = Release|Any CPU
		{7D8297A5-5301-42D3-B49A-E2847937951A}.Release|Any CPU.Build.0 = Release|Any CPU
	EndGlobalSection
	GlobalSection(SolutionProperties) = preSolution
		HideSolutionNode = FALSE
	EndGlobalSection
	GlobalSection(ExtensibilityGlobals) = postSolution
		SolutionGuid = {2C070EE4-E0A0-4299-BD59-F7AF6EE21765}
	EndGlobalSection
EndGlobal
